// !$*UTF8*$!
{
	archiveVersion = 1;
	classes = {
	};
	objectVersion = 77;
	objects = {

/* Begin PBXBuildFile section */
		6F3E43142D96AE7B000159C5 /* RevenueCat in Frameworks */ = {isa = PBXBuildFile; productRef = 6F3E43132D96AE7B000159C5 /* RevenueCat */; };
		6F3E43162D96AE7B000159C5 /* RevenueCatUI in Frameworks */ = {isa = PBXBuildFile; productRef = 6F3E43152D96AE7B000159C5 /* RevenueCatUI */; };
		6FCCEFBE2D96DC7000AEDDF6 /* Purchases.storekit in Resources */ = {isa = PBXBuildFile; fileRef = 6FCCEFBD2D96DC7000AEDDF6 /* Purchases.storekit */; };
/* End PBXBuildFile section */

/* Begin PBXContainerItemProxy section */
		6F3E413C2D958455000159C5 /* PBXContainerItemProxy */ = {
			isa = PBXContainerItemProxy;
			containerPortal = 6F3E41232D958453000159C5 /* Project object */;
			proxyType = 1;
			remoteGlobalIDString = 6F3E412A2D958453000159C5;
			remoteInfo = Drunky;
		};
		6F3E41462D958455000159C5 /* PBXContainerItemProxy */ = {
			isa = PBXContainerItemProxy;
			containerPortal = 6F3E41232D958453000159C5 /* Project object */;
			proxyType = 1;
			remoteGlobalIDString = 6F3E412A2D958453000159C5;
			remoteInfo = Drunky;
		};
/* End PBXContainerItemProxy section */

/* Begin PBXFileReference section */
		6F3E412B2D958453000159C5 /* Drunky.app */ = {isa = PBXFileReference; explicitFileType = wrapper.application; includeInIndex = 0; path = Drunky.app; sourceTree = BUILT_PRODUCTS_DIR; };
		6F3E413B2D958455000159C5 /* DrunkyTests.xctest */ = {isa = PBXFileReference; explicitFileType = wrapper.cfbundle; includeInIndex = 0; path = DrunkyTests.xctest; sourceTree = BUILT_PRODUCTS_DIR; };
		6F3E41452D958455000159C5 /* DrunkyUITests.xctest */ = {isa = PBXFileReference; explicitFileType = wrapper.cfbundle; includeInIndex = 0; path = DrunkyUITests.xctest; sourceTree = BUILT_PRODUCTS_DIR; };
		6FCCEFBD2D96DC7000AEDDF6 /* Purchases.storekit */ = {isa = PBXFileReference; lastKnownFileType = text; path = Purchases.storekit; sourceTree = "<group>"; };
/* End PBXFileReference section */

/* Begin PBXFileSystemSynchronizedBuildFileExceptionSet section */
		6F3E42452D9586C2000159C5 /* Exceptions for "Drunky" folder in "Drunky" target */ = {
			isa = PBXFileSystemSynchronizedBuildFileExceptionSet;
			membershipExceptions = (
				Info.plist,
			);
			target = 6F3E412A2D958453000159C5 /* Drunky */;
		};
/* End PBXFileSystemSynchronizedBuildFileExceptionSet section */

/* Begin PBXFileSystemSynchronizedRootGroup section */
		6F3E412D2D958453000159C5 /* Drunky */ = {
			isa = PBXFileSystemSynchronizedRootGroup;
			exceptions = (
				6F3E42452D9586C2000159C5 /* Exceptions for "Drunky" folder in "Drunky" target */,
			);
			path = Drunky;
			sourceTree = "<group>";
		};
		6F3E413E2D958455000159C5 /* DrunkyTests */ = {
			isa = PBXFileSystemSynchronizedRootGroup;
			path = DrunkyTests;
			sourceTree = "<group>";
		};
		6F3E41482D958455000159C5 /* DrunkyUITests */ = {
			isa = PBXFileSystemSynchronizedRootGroup;
			path = DrunkyUITests;
			sourceTree = "<group>";
		};
/* End PBXFileSystemSynchronizedRootGroup section */

/* Begin PBXFrameworksBuildPhase section */
		6F3E41282D958453000159C5 /* Frameworks */ = {
			isa = PBXFrameworksBuildPhase;
			buildActionMask = 2147483647;
			files = (
				6F3E43162D96AE7B000159C5 /* RevenueCatUI in Frameworks */,
				6F3E43142D96AE7B000159C5 /* RevenueCat in Frameworks */,
			);
			runOnlyForDeploymentPostprocessing = 0;
		};
		6F3E41382D958455000159C5 /* Frameworks */ = {
			isa = PBXFrameworksBuildPhase;
			buildActionMask = 2147483647;
			files = (
			);
			runOnlyForDeploymentPostprocessing = 0;
		};
		6F3E41422D958455000159C5 /* Frameworks */ = {
			isa = PBXFrameworksBuildPhase;
			buildActionMask = 2147483647;
			files = (
			);
			runOnlyForDeploymentPostprocessing = 0;
		};
/* End PBXFrameworksBuildPhase section */

/* Begin PBXGroup section */
		6F3E41222D958453000159C5 = {
			isa = PBXGroup;
			children = (
				6FCCEFBD2D96DC7000AEDDF6 /* Purchases.storekit */,
				6F3E412D2D958453000159C5 /* Drunky */,
				6F3E413E2D958455000159C5 /* DrunkyTests */,
				6F3E41482D958455000159C5 /* DrunkyUITests */,
				6F3E412C2D958453000159C5 /* Products */,
			);
			sourceTree = "<group>";
		};
		6F3E412C2D958453000159C5 /* Products */ = {
			isa = PBXGroup;
			children = (
				6F3E412B2D958453000159C5 /* Drunky.app */,
				6F3E413B2D958455000159C5 /* DrunkyTests.xctest */,
				6F3E41452D958455000159C5 /* DrunkyUITests.xctest */,
			);
			name = Products;
			sourceTree = "<group>";
		};
/* End PBXGroup section */

/* Begin PBXNativeTarget section */
		6F3E412A2D958453000159C5 /* Drunky */ = {
			isa = PBXNativeTarget;
			buildConfigurationList = 6F3E414F2D958455000159C5 /* Build configuration list for PBXNativeTarget "Drunky" */;
			buildPhases = (
				6F3E41272D958453000159C5 /* Sources */,
				6F3E41282D958453000159C5 /* Frameworks */,
				6F3E41292D958453000159C5 /* Resources */,
			);
			buildRules = (
			);
			dependencies = (
			);
			fileSystemSynchronizedGroups = (
				6F3E412D2D958453000159C5 /* Drunky */,
			);
			name = Drunky;
			packageProductDependencies = (
				6F3E43132D96AE7B000159C5 /* RevenueCat */,
				6F3E43152D96AE7B000159C5 /* RevenueCatUI */,
			);
			productName = Drunky;
			productReference = 6F3E412B2D958453000159C5 /* Drunky.app */;
			productType = "com.apple.product-type.application";
		};
		6F3E413A2D958455000159C5 /* DrunkyTests */ = {
			isa = PBXNativeTarget;
			buildConfigurationList = 6F3E41522D958455000159C5 /* Build configuration list for PBXNativeTarget "DrunkyTests" */;
			buildPhases = (
				6F3E41372D958455000159C5 /* Sources */,
				6F3E41382D958455000159C5 /* Frameworks */,
				6F3E41392D958455000159C5 /* Resources */,
			);
			buildRules = (
			);
			dependencies = (
				6F3E413D2D958455000159C5 /* PBXTargetDependency */,
			);
			fileSystemSynchronizedGroups = (
				6F3E413E2D958455000159C5 /* DrunkyTests */,
			);
			name = DrunkyTests;
			packageProductDependencies = (
			);
			productName = DrunkyTests;
			productReference = 6F3E413B2D958455000159C5 /* DrunkyTests.xctest */;
			productType = "com.apple.product-type.bundle.unit-test";
		};
		6F3E41442D958455000159C5 /* DrunkyUITests */ = {
			isa = PBXNativeTarget;
			buildConfigurationList = 6F3E41552D958455000159C5 /* Build configuration list for PBXNativeTarget "DrunkyUITests" */;
			buildPhases = (
				6F3E41412D958455000159C5 /* Sources */,
				6F3E41422D958455000159C5 /* Frameworks */,
				6F3E41432D958455000159C5 /* Resources */,
			);
			buildRules = (
			);
			dependencies = (
				6F3E41472D958455000159C5 /* PBXTargetDependency */,
			);
			fileSystemSynchronizedGroups = (
				6F3E41482D958455000159C5 /* DrunkyUITests */,
			);
			name = DrunkyUITests;
			packageProductDependencies = (
			);
			productName = DrunkyUITests;
			productReference = 6F3E41452D958455000159C5 /* DrunkyUITests.xctest */;
			productType = "com.apple.product-type.bundle.ui-testing";
		};
/* End PBXNativeTarget section */

/* Begin PBXProject section */
		6F3E41232D958453000159C5 /* Project object */ = {
			isa = PBXProject;
			attributes = {
				BuildIndependentTargetsInParallel = 1;
				LastSwiftUpdateCheck = 1620;
				LastUpgradeCheck = 1620;
				TargetAttributes = {
					6F3E412A2D958453000159C5 = {
						CreatedOnToolsVersion = 16.2;
					};
					6F3E413A2D958455000159C5 = {
						CreatedOnToolsVersion = 16.2;
						TestTargetID = 6F3E412A2D958453000159C5;
					};
					6F3E41442D958455000159C5 = {
						CreatedOnToolsVersion = 16.2;
						TestTargetID = 6F3E412A2D958453000159C5;
					};
				};
			};
			buildConfigurationList = 6F3E41262D958453000159C5 /* Build configuration list for PBXProject "Drunky" */;
			developmentRegion = en;
			hasScannedForEncodings = 0;
			knownRegions = (
				en,
				Base,
			);
			mainGroup = 6F3E41222D958453000159C5;
			minimizedProjectReferenceProxies = 1;
			packageReferences = (
				6F3E43122D96AE7B000159C5 /* XCRemoteSwiftPackageReference "purchases-ios-spm" */,
			);
			preferredProjectObjectVersion = 77;
			productRefGroup = 6F3E412C2D958453000159C5 /* Products */;
			projectDirPath = "";
			projectRoot = "";
			targets = (
				6F3E412A2D958453000159C5 /* Drunky */,
				6F3E413A2D958455000159C5 /* DrunkyTests */,
				6F3E41442D958455000159C5 /* DrunkyUITests */,
			);
		};
/* End PBXProject section */

/* Begin PBXResourcesBuildPhase section */
		6F3E41292D958453000159C5 /* Resources */ = {
			isa = PBXResourcesBuildPhase;
			buildActionMask = 2147483647;
			files = (
				6FCCEFBE2D96DC7000AEDDF6 /* Purchases.storekit in Resources */,
			);
			runOnlyForDeploymentPostprocessing = 0;
		};
		6F3E41392D958455000159C5 /* Resources */ = {
			isa = PBXResourcesBuildPhase;
			buildActionMask = 2147483647;
			files = (
			);
			runOnlyForDeploymentPostprocessing = 0;
		};
		6F3E41432D958455000159C5 /* Resources */ = {
			isa = PBXResourcesBuildPhase;
			buildActionMask = 2147483647;
			files = (
			);
			runOnlyForDeploymentPostprocessing = 0;
		};
/* End PBXResourcesBuildPhase section */

/* Begin PBXSourcesBuildPhase section */
		6F3E41272D958453000159C5 /* Sources */ = {
			isa = PBXSourcesBuildPhase;
			buildActionMask = 2147483647;
			files = (
			);
			runOnlyForDeploymentPostprocessing = 0;
		};
		6F3E41372D958455000159C5 /* Sources */ = {
			isa = PBXSourcesBuildPhase;
			buildActionMask = 2147483647;
			files = (
			);
			runOnlyForDeploymentPostprocessing = 0;
		};
		6F3E41412D958455000159C5 /* Sources */ = {
			isa = PBXSourcesBuildPhase;
			buildActionMask = 2147483647;
			files = (
			);
			runOnlyForDeploymentPostprocessing = 0;
		};
/* End PBXSourcesBuildPhase section */

/* Begin PBXTargetDependency section */
		6F3E413D2D958455000159C5 /* PBXTargetDependency */ = {
			isa = PBXTargetDependency;
			target = 6F3E412A2D958453000159C5 /* Drunky */;
			targetProxy = 6F3E413C2D958455000159C5 /* PBXContainerItemProxy */;
		};
		6F3E41472D958455000159C5 /* PBXTargetDependency */ = {
			isa = PBXTargetDependency;
			target = 6F3E412A2D958453000159C5 /* Drunky */;
			targetProxy = 6F3E41462D958455000159C5 /* PBXContainerItemProxy */;
		};
/* End PBXTargetDependency section */

/* Begin XCBuildConfiguration section */
		6F3E414D2D958455000159C5 /* Debug */ = {
			isa = XCBuildConfiguration;
			buildSettings = {
				ALWAYS_SEARCH_USER_PATHS = NO;
				ASSETCATALOG_COMPILER_GENERATE_SWIFT_ASSET_SYMBOL_EXTENSIONS = YES;
				CLANG_ANALYZER_NONNULL = YES;
				CLANG_ANALYZER_NUMBER_OBJECT_CONVERSION = YES_AGGRESSIVE;
				CLANG_CXX_LANGUAGE_STANDARD = "gnu++20";
				CLANG_ENABLE_MODULES = YES;
				CLANG_ENABLE_OBJC_ARC = YES;
				CLANG_ENABLE_OBJC_WEAK = YES;
				CLANG_WARN_BLOCK_CAPTURE_AUTORELEASING = YES;
				CLANG_WARN_BOOL_CONVERSION = YES;
				CLANG_WARN_COMMA = YES;
				CLANG_WARN_CONSTANT_CONVERSION = YES;
				CLANG_WARN_DEPRECATED_OBJC_IMPLEMENTATIONS = YES;
				CLANG_WARN_DIRECT_OBJC_ISA_USAGE = YES_ERROR;
				CLANG_WARN_DOCUMENTATION_COMMENTS = YES;
				CLANG_WARN_EMPTY_BODY = YES;
				CLANG_WARN_ENUM_CONVERSION = YES;
				CLANG_WARN_INFINITE_RECURSION = YES;
				CLANG_WARN_INT_CONVERSION = YES;
				CLANG_WARN_NON_LITERAL_NULL_CONVERSION = YES;
				CLANG_WARN_OBJC_IMPLICIT_RETAIN_SELF = YES;
				CLANG_WARN_OBJC_LITERAL_CONVERSION = YES;
				CLANG_WARN_OBJC_ROOT_CLASS = YES_ERROR;
				CLANG_WARN_QUOTED_INCLUDE_IN_FRAMEWORK_HEADER = YES;
				CLANG_WARN_RANGE_LOOP_ANALYSIS = YES;
				CLANG_WARN_STRICT_PROTOTYPES = YES;
				CLANG_WARN_SUSPICIOUS_MOVE = YES;
				CLANG_WARN_UNGUARDED_AVAILABILITY = YES_AGGRESSIVE;
				CLANG_WARN_UNREACHABLE_CODE = YES;
				CLANG_WARN__DUPLICATE_METHOD_MATCH = YES;
				COPY_PHASE_STRIP = NO;
				DEBUG_INFORMATION_FORMAT = dwarf;
				ENABLE_STRICT_OBJC_MSGSEND = YES;
				ENABLE_TESTABILITY = YES;
				ENABLE_USER_SCRIPT_SANDBOXING = YES;
				GCC_C_LANGUAGE_STANDARD = gnu17;
				GCC_DYNAMIC_NO_PIC = NO;
				GCC_NO_COMMON_BLOCKS = YES;
				GCC_OPTIMIZATION_LEVEL = 0;
				GCC_PREPROCESSOR_DEFINITIONS = (
					"DEBUG=1",
					"$(inherited)",
				);
				GCC_WARN_64_TO_32_BIT_CONVERSION = YES;
				GCC_WARN_ABOUT_RETURN_TYPE = YES_ERROR;
				GCC_WARN_UNDECLARED_SELECTOR = YES;
				GCC_WARN_UNINITIALIZED_AUTOS = YES_AGGRESSIVE;
				GCC_WARN_UNUSED_FUNCTION = YES;
				GCC_WARN_UNUSED_VARIABLE = YES;
				IPHONEOS_DEPLOYMENT_TARGET = 18.2;
				LOCALIZATION_PREFERS_STRING_CATALOGS = YES;
				MTL_ENABLE_DEBUG_INFO = INCLUDE_SOURCE;
				MTL_FAST_MATH = YES;
				ONLY_ACTIVE_ARCH = YES;
				SDKROOT = iphoneos;
				SWIFT_ACTIVE_COMPILATION_CONDITIONS = "DEBUG $(inherited)";
				SWIFT_OPTIMIZATION_LEVEL = "-Onone";
			};
			name = Debug;
		};
		6F3E414E2D958455000159C5 /* Release */ = {
			isa = XCBuildConfiguration;
			buildSettings = {
				ALWAYS_SEARCH_USER_PATHS = NO;
				ASSETCATALOG_COMPILER_GENERATE_SWIFT_ASSET_SYMBOL_EXTENSIONS = YES;
				CLANG_ANALYZER_NONNULL = YES;
				CLANG_ANALYZER_NUMBER_OBJECT_CONVERSION = YES_AGGRESSIVE;
				CLANG_CXX_LANGUAGE_STANDARD = "gnu++20";
				CLANG_ENABLE_MODULES = YES;
				CLANG_ENABLE_OBJC_ARC = YES;
				CLANG_ENABLE_OBJC_WEAK = YES;
				CLANG_WARN_BLOCK_CAPTURE_AUTORELEASING = YES;
				CLANG_WARN_BOOL_CONVERSION = YES;
				CLANG_WARN_COMMA = YES;
				CLANG_WARN_CONSTANT_CONVERSION = YES;
				CLANG_WARN_DEPRECATED_OBJC_IMPLEMENTATIONS = YES;
				CLANG_WARN_DIRECT_OBJC_ISA_USAGE = YES_ERROR;
				CLANG_WARN_DOCUMENTATION_COMMENTS = YES;
				CLANG_WARN_EMPTY_BODY = YES;
				CLANG_WARN_ENUM_CONVERSION = YES;
				CLANG_WARN_INFINITE_RECURSION = YES;
				CLANG_WARN_INT_CONVERSION = YES;
				CLANG_WARN_NON_LITERAL_NULL_CONVERSION = YES;
				CLANG_WARN_OBJC_IMPLICIT_RETAIN_SELF = YES;
				CLANG_WARN_OBJC_LITERAL_CONVERSION = YES;
				CLANG_WARN_OBJC_ROOT_CLASS = YES_ERROR;
				CLANG_WARN_QUOTED_INCLUDE_IN_FRAMEWORK_HEADER = YES;
				CLANG_WARN_RANGE_LOOP_ANALYSIS = YES;
				CLANG_WARN_STRICT_PROTOTYPES = YES;
				CLANG_WARN_SUSPICIOUS_MOVE = YES;
				CLANG_WARN_UNGUARDED_AVAILABILITY = YES_AGGRESSIVE;
				CLANG_WARN_UNREACHABLE_CODE = YES;
				CLANG_WARN__DUPLICATE_METHOD_MATCH = YES;
				COPY_PHASE_STRIP = NO;
				DEBUG_INFORMATION_FORMAT = "dwarf-with-dsym";
				ENABLE_NS_ASSERTIONS = NO;
				ENABLE_STRICT_OBJC_MSGSEND = YES;
				ENABLE_USER_SCRIPT_SANDBOXING = YES;
				GCC_C_LANGUAGE_STANDARD = gnu17;
				GCC_NO_COMMON_BLOCKS = YES;
				GCC_WARN_64_TO_32_BIT_CONVERSION = YES;
				GCC_WARN_ABOUT_RETURN_TYPE = YES_ERROR;
				GCC_WARN_UNDECLARED_SELECTOR = YES;
				GCC_WARN_UNINITIALIZED_AUTOS = YES_AGGRESSIVE;
				GCC_WARN_UNUSED_FUNCTION = YES;
				GCC_WARN_UNUSED_VARIABLE = YES;
				IPHONEOS_DEPLOYMENT_TARGET = 18.2;
				LOCALIZATION_PREFERS_STRING_CATALOGS = YES;
				MTL_ENABLE_DEBUG_INFO = NO;
				MTL_FAST_MATH = YES;
				SDKROOT = iphoneos;
				SWIFT_COMPILATION_MODE = wholemodule;
				VALIDATE_PRODUCT = YES;
			};
			name = Release;
		};
		6F3E41502D958455000159C5 /* Debug */ = {
			isa = XCBuildConfiguration;
			buildSettings = {
				ASSETCATALOG_COMPILER_APPICON_NAME = AppIcon;
				ASSETCATALOG_COMPILER_GLOBAL_ACCENT_COLOR_NAME = AccentColor;
				CODE_SIGN_STYLE = Automatic;
				CURRENT_PROJECT_VERSION = 1;
				DEVELOPMENT_ASSET_PATHS = "\"Drunky/Preview Content\"";
				DEVELOPMENT_TEAM = 8Y9KM29NMA;
				ENABLE_PREVIEWS = YES;
				GENERATE_INFOPLIST_FILE = YES;
				INFOPLIST_FILE = Drunky/Info.plist;
				INFOPLIST_KEY_CFBundleDisplayName = Drunky;
				INFOPLIST_KEY_LSApplicationCategoryType = "public.app-category.entertainment";
				INFOPLIST_KEY_UIApplicationSceneManifest_Generation = YES;
				INFOPLIST_KEY_UIApplicationSupportsIndirectInputEvents = YES;
				INFOPLIST_KEY_UILaunchScreen_Generation = YES;
				INFOPLIST_KEY_UISupportedInterfaceOrientations_iPad = "UIInterfaceOrientationPortrait UIInterfaceOrientationPortraitUpsideDown UIInterfaceOrientationLandscapeLeft UIInterfaceOrientationLandscapeRight";
				INFOPLIST_KEY_UISupportedInterfaceOrientations_iPhone = "UIInterfaceOrientationPortrait UIInterfaceOrientationLandscapeLeft UIInterfaceOrientationLandscapeRight";
				IPHONEOS_DEPLOYMENT_TARGET = 17.6;
				LD_RUNPATH_SEARCH_PATHS = (
					"$(inherited)",
					"@executable_path/Frameworks",
				);
				MARKETING_VERSION = 1.0;
				PRODUCT_BUNDLE_IDENTIFIER = "com.ad-coding.Drunky";
				PRODUCT_NAME = "$(TARGET_NAME)";
				SWIFT_EMIT_LOC_STRINGS = YES;
				SWIFT_VERSION = 5.0;
				TARGETED_DEVICE_FAMILY = "1,2";
			};
			name = Debug;
		};
		6F3E41512D958455000159C5 /* Release */ = {
			isa = XCBuildConfiguration;
			buildSettings = {
				ASSETCATALOG_COMPILER_APPICON_NAME = AppIcon;
				ASSETCATALOG_COMPILER_GLOBAL_ACCENT_COLOR_NAME = AccentColor;
				CODE_SIGN_STYLE = Automatic;
				CURRENT_PROJECT_VERSION = 1;
				DEVELOPMENT_ASSET_PATHS = "\"Drunky/Preview Content\"";
				DEVELOPMENT_TEAM = 8Y9KM29NMA;
				ENABLE_PREVIEWS = YES;
				GENERATE_INFOPLIST_FILE = YES;
				INFOPLIST_FILE = Drunky/Info.plist;
				INFOPLIST_KEY_CFBundleDisplayName = Drunky;
				INFOPLIST_KEY_LSApplicationCategoryType = "public.app-category.entertainment";
				INFOPLIST_KEY_UIApplicationSceneManifest_Generation = YES;
				INFOPLIST_KEY_UIApplicationSupportsIndirectInputEvents = YES;
				INFOPLIST_KEY_UILaunchScreen_Generation = YES;
				INFOPLIST_KEY_UISupportedInterfaceOrientations_iPad = "UIInterfaceOrientationPortrait UIInterfaceOrientationPortraitUpsideDown UIInterfaceOrientationLandscapeLeft UIInterfaceOrientationLandscapeRight";
				INFOPLIST_KEY_UISupportedInterfaceOrientations_iPhone = "UIInterfaceOrientationPortrait UIInterfaceOrientationLandscapeLeft UIInterfaceOrientationLandscapeRight";
				IPHONEOS_DEPLOYMENT_TARGET = 17.6;
				LD_RUNPATH_SEARCH_PATHS = (
					"$(inherited)",
					"@executable_path/Frameworks",
				);
				MARKETING_VERSION = 1.0;
				PRODUCT_BUNDLE_IDENTIFIER = "com.ad-coding.Drunky";
				PRODUCT_NAME = "$(TARGET_NAME)";
				SWIFT_EMIT_LOC_STRINGS = YES;
				SWIFT_VERSION = 5.0;
				TARGETED_DEVICE_FAMILY = "1,2";
			};
			name = Release;
		};
		6F3E41532D958455000159C5 /* Debug */ = {
			isa = XCBuildConfiguration;
			buildSettings = {
				BUNDLE_LOADER = "$(TEST_HOST)";
				CODE_SIGN_STYLE = Automatic;
				CURRENT_PROJECT_VERSION = 1;
				DEVELOPMENT_TEAM = 8Y9KM29NMA;
				GENERATE_INFOPLIST_FILE = YES;
				IPHONEOS_DEPLOYMENT_TARGET = 18.2;
				MARKETING_VERSION = 1.0;
				PRODUCT_BUNDLE_IDENTIFIER = "com.ad-coding.DrunkyTests";
				PRODUCT_NAME = "$(TARGET_NAME)";
				SWIFT_EMIT_LOC_STRINGS = NO;
				SWIFT_VERSION = 5.0;
				TARGETED_DEVICE_FAMILY = "1,2";
				TEST_HOST = "$(BUILT_PRODUCTS_DIR)/Drunky.app/$(BUNDLE_EXECUTABLE_FOLDER_PATH)/Drunky";
			};
			name = Debug;
		};
		6F3E41542D958455000159C5 /* Release */ = {
			isa = XCBuildConfiguration;
			buildSettings = {
				BUNDLE_LOADER = "$(TEST_HOST)";
				CODE_SIGN_STYLE = Automatic;
				CURRENT_PROJECT_VERSION = 1;
				DEVELOPMENT_TEAM = 8Y9KM29NMA;
				GENERATE_INFOPLIST_FILE = YES;
				IPHONEOS_DEPLOYMENT_TARGET = 18.2;
				MARKETING_VERSION = 1.0;
				PRODUCT_BUNDLE_IDENTIFIER = "com.ad-coding.DrunkyTests";
				PRODUCT_NAME = "$(TARGET_NAME)";
				SWIFT_EMIT_LOC_STRINGS = NO;
				SWIFT_VERSION = 5.0;
				TARGETED_DEVICE_FAMILY = "1,2";
				TEST_HOST = "$(BUILT_PRODUCTS_DIR)/Drunky.app/$(BUNDLE_EXECUTABLE_FOLDER_PATH)/Drunky";
			};
			name = Release;
		};
		6F3E41562D958455000159C5 /* Debug */ = {
			isa = XCBuildConfiguration;
			buildSettings = {
				CODE_SIGN_STYLE = Automatic;
				CURRENT_PROJECT_VERSION = 1;
				DEVELOPMENT_TEAM = 8Y9KM29NMA;
				GENERATE_INFOPLIST_FILE = YES;
				MARKETING_VERSION = 1.0;
				PRODUCT_BUNDLE_IDENTIFIER = "com.ad-coding.DrunkyUITests";
				PRODUCT_NAME = "$(TARGET_NAME)";
				SWIFT_EMIT_LOC_STRINGS = NO;
				SWIFT_VERSION = 5.0;
				TARGETED_DEVICE_FAMILY = "1,2";
				TEST_TARGET_NAME = Drunky;
			};
			name = Debug;
		};
		6F3E41572D958455000159C5 /* Release */ = {
			isa = XCBuildConfiguration;
			buildSettings = {
				CODE_SIGN_STYLE = Automatic;
				CURRENT_PROJECT_VERSION = 1;
				DEVELOPMENT_TEAM = 8Y9KM29NMA;
				GENERATE_INFOPLIST_FILE = YES;
				MARKETING_VERSION = 1.0;
				PRODUCT_BUNDLE_IDENTIFIER = "com.ad-coding.DrunkyUITests";
				PRODUCT_NAME = "$(TARGET_NAME)";
				SWIFT_EMIT_LOC_STRINGS = NO;
				SWIFT_VERSION = 5.0;
				TARGETED_DEVICE_FAMILY = "1,2";
				TEST_TARGET_NAME = Drunky;
			};
			name = Release;
		};
/* End XCBuildConfiguration section */

/* Begin XCConfigurationList section */
		6F3E41262D958453000159C5 /* Build configuration list for PBXProject "Drunky" */ = {
			isa = XCConfigurationList;
			buildConfigurations = (
				6F3E414D2D958455000159C5 /* Debug */,
				6F3E414E2D958455000159C5 /* Release */,
			);
			defaultConfigurationIsVisible = 0;
			defaultConfigurationName = Release;
		};
		6F3E414F2D958455000159C5 /* Build configuration list for PBXNativeTarget "Drunky" */ = {
			isa = XCConfigurationList;
			buildConfigurations = (
				6F3E41502D958455000159C5 /* Debug */,
				6F3E41512D958455000159C5 /* Release */,
			);
			defaultConfigurationIsVisible = 0;
			defaultConfigurationName = Release;
		};
		6F3E41522D958455000159C5 /* Build configuration list for PBXNativeTarget "DrunkyTests" */ = {
			isa = XCConfigurationList;
			buildConfigurations = (
				6F3E41532D958455000159C5 /* Debug */,
				6F3E41542D958455000159C5 /* Release */,
			);
			defaultConfigurationIsVisible = 0;
			defaultConfigurationName = Release;
		};
		6F3E41552D958455000159C5 /* Build configuration list for PBXNativeTarget "DrunkyUITests" */ = {
			isa = XCConfigurationList;
			buildConfigurations = (
				6F3E41562D958455000159C5 /* Debug */,
				6F3E41572D958455000159C5 /* Release */,
			);
			defaultConfigurationIsVisible = 0;
			defaultConfigurationName = Release;
		};
/* End XCConfigurationList section */

/* Begin XCRemoteSwiftPackageReference section */
		6F3E43122D96AE7B000159C5 /* XCRemoteSwiftPackageReference "purchases-ios-spm" */ = {
			isa = XCRemoteSwiftPackageReference;
			repositoryURL = "https://github.com/RevenueCat/purchases-ios-spm.git";
			requirement = {
				kind = upToNextMajorVersion;
				minimumVersion = 5.20.2;
			};
		};
/* End XCRemoteSwiftPackageReference section */

/* Begin XCSwiftPackageProductDependency section */
		6F3E43132D96AE7B000159C5 /* RevenueCat */ = {
			isa = XCSwiftPackageProductDependency;
			package = 6F3E43122D96AE7B000159C5 /* XCRemoteSwiftPackageReference "purchases-ios-spm" */;
			productName = RevenueCat;
		};
		6F3E43152D96AE7B000159C5 /* RevenueCatUI */ = {
			isa = XCSwiftPackageProductDependency;
			package = 6F3E43122D96AE7B000159C5 /* XCRemoteSwiftPackageReference "purchases-ios-spm" */;
			productName = RevenueCatUI;
		};
/* End XCSwiftPackageProductDependency section */
	};
	rootObject = 6F3E41232D958453000159C5 /* Project object */;
}
